
Microsoft Visual Studio Solution File, Format Version 12.00
# Visual Studio Version 17
VisualStudioVersion = 17.14.36511.14
MinimumVisualStudioVersion = 10.0.40219.1
Project("{FAE04EC0-301F-11D3-BF4B-00C04F79EFBC}") = "Library.API", "Library.API\Library.API.csproj", "{2C43A3E0-1A3F-424B-AC7E-F5A0C4D10EB9}"
EndProject
Project("{FAE04EC0-301F-11D3-BF4B-00C04F79EFBC}") = "Library.Infrastructure", "Library.Infrastructure\Library.Infrastructure.csproj", "{C715B566-9B3F-4C1F-A9CD-CE0CFD835824}"
EndProject
Global
	GlobalSection(SolutionConfigurationPlatforms) = preSolution
		Debug|Any CPU = Debug|Any CPU
		Release|Any CPU = Release|Any CPU
	EndGlobalSection
	GlobalSection(ProjectConfigurationPlatforms) = postSolution
		{2C43A3E0-1A3F-424B-AC7E-F5A0C4D10EB9}.Debug|Any CPU.ActiveCfg = Debug|Any CPU
		{2C43A3E0-1A3F-424B-AC7E-F5A0C4D10EB9}.Debug|Any CPU.Build.0 = Debug|Any CPU
		{2C43A3E0-1A3F-424B-AC7E-F5A0C4D10EB9}.Release|Any CPU.ActiveCfg = Release|Any CPU
		{2C43A3E0-1A3F-424B-AC7E-F5A0C4D10EB9}.Release|Any CPU.Build.0 = Release|Any CPU
		{C715B566-9B3F-4C1F-A9CD-CE0CFD835824}.Debug|Any CPU.ActiveCfg = Debug|Any CPU
		{C715B566-9B3F-4C1F-A9CD-CE0CFD835824}.Debug|Any CPU.Build.0 = Debug|Any CPU
		{C715B566-9B3F-4C1F-A9CD-CE0CFD835824}.Release|Any CPU.ActiveCfg = Release|Any CPU
		{C715B566-9B3F-4C1F-A9CD-CE0CFD835824}.Release|Any CPU.Build.0 = Release|Any CPU
	EndGlobalSection
	GlobalSection(SolutionProperties) = preSolution
		HideSolutionNode = FALSE
	EndGlobalSection
	GlobalSection(ExtensibilityGlobals) = postSolution
		SolutionGuid = {CF666AD0-F472-47D0-938D-B8AD37F24199}
	EndGlobalSection
EndGlobal
